
Microsoft Visual Studio Solution File, Format Version 12.00
Project("{FAE04EC0-301F-11D3-BF4B-00C04F79EFBC}") = "Calculator.Lib", "Calculator.Lib\Calculator.Lib.csproj", "{2F903A11-CC44-4187-B87A-FF09A3DAEBB3}"
EndProject
Project("{FAE04EC0-301F-11D3-BF4B-00C04F79EFBC}") = "Calculator.Api", "Calculator.Api\Calculator.Api.csproj", "{58614A6A-76E7-4F89-BB54-69A270D1D966}"
EndProject
Project("{2150E333-8FDC-42A3-9474-1A3956D46DE8}") = "src", "src", "{314DEF26-9B9F-4B34-9150-9AF4A75DD6FD}"
EndProject
Project("{2150E333-8FDC-42A3-9474-1A3956D46DE8}") = "API", "API", "{131EF258-09D4-4628-8A33-D9B25ACF9F9D}"
EndProject
Project("{2150E333-8FDC-42A3-9474-1A3956D46DE8}") = "Domain", "Domain", "{352B20D6-491E-458E-A57B-BC07F3668EB9}"
EndProject
Project("{2150E333-8FDC-42A3-9474-1A3956D46DE8}") = "Infrastructure", "Infrastructure", "{F37186FD-8664-4593-AA87-3A4E58B2D302}"
EndProject
Project("{FAE04EC0-301F-11D3-BF4B-00C04F79EFBC}") = "Calculator.Domain", "Calculator.Domain\Calculator.Domain.csproj", "{9CEF90FE-C093-4028-9669-C19834C5B7E6}"
EndProject
Project("{FAE04EC0-301F-11D3-BF4B-00C04F79EFBC}") = "Calculator.Application", "Calculator.Application\Calculator.Application.csproj", "{DE1CB970-8D20-4C0C-8FD5-3EAF5F8492E1}"
EndProject
Global
	GlobalSection(SolutionConfigurationPlatforms) = preSolution
		Debug|Any CPU = Debug|Any CPU
		Release|Any CPU = Release|Any CPU
	EndGlobalSection
	GlobalSection(ProjectConfigurationPlatforms) = postSolution
		{2F903A11-CC44-4187-B87A-FF09A3DAEBB3}.Debug|Any CPU.ActiveCfg = Debug|Any CPU
		{2F903A11-CC44-4187-B87A-FF09A3DAEBB3}.Debug|Any CPU.Build.0 = Debug|Any CPU
		{2F903A11-CC44-4187-B87A-FF09A3DAEBB3}.Release|Any CPU.ActiveCfg = Release|Any CPU
		{2F903A11-CC44-4187-B87A-FF09A3DAEBB3}.Release|Any CPU.Build.0 = Release|Any CPU
		{58614A6A-76E7-4F89-BB54-69A270D1D966}.Debug|Any CPU.ActiveCfg = Debug|Any CPU
		{58614A6A-76E7-4F89-BB54-69A270D1D966}.Debug|Any CPU.Build.0 = Debug|Any CPU
		{58614A6A-76E7-4F89-BB54-69A270D1D966}.Release|Any CPU.ActiveCfg = Release|Any CPU
		{58614A6A-76E7-4F89-BB54-69A270D1D966}.Release|Any CPU.Build.0 = Release|Any CPU
		{9CEF90FE-C093-4028-9669-C19834C5B7E6}.Debug|Any CPU.ActiveCfg = Debug|Any CPU
		{9CEF90FE-C093-4028-9669-C19834C5B7E6}.Debug|Any CPU.Build.0 = Debug|Any CPU
		{9CEF90FE-C093-4028-9669-C19834C5B7E6}.Release|Any CPU.ActiveCfg = Release|Any CPU
		{9CEF90FE-C093-4028-9669-C19834C5B7E6}.Release|Any CPU.Build.0 = Release|Any CPU
		{DE1CB970-8D20-4C0C-8FD5-3EAF5F8492E1}.Debug|Any CPU.ActiveCfg = Debug|Any CPU
		{DE1CB970-8D20-4C0C-8FD5-3EAF5F8492E1}.Debug|Any CPU.Build.0 = Debug|Any CPU
		{DE1CB970-8D20-4C0C-8FD5-3EAF5F8492E1}.Release|Any CPU.ActiveCfg = Release|Any CPU
		{DE1CB970-8D20-4C0C-8FD5-3EAF5F8492E1}.Release|Any CPU.Build.0 = Release|Any CPU
	EndGlobalSection
	GlobalSection(NestedProjects) = preSolution
		{131EF258-09D4-4628-8A33-D9B25ACF9F9D} = {314DEF26-9B9F-4B34-9150-9AF4A75DD6FD}
		{352B20D6-491E-458E-A57B-BC07F3668EB9} = {314DEF26-9B9F-4B34-9150-9AF4A75DD6FD}
		{F37186FD-8664-4593-AA87-3A4E58B2D302} = {314DEF26-9B9F-4B34-9150-9AF4A75DD6FD}
		{58614A6A-76E7-4F89-BB54-69A270D1D966} = {131EF258-09D4-4628-8A33-D9B25ACF9F9D}
		{9CEF90FE-C093-4028-9669-C19834C5B7E6} = {352B20D6-491E-458E-A57B-BC07F3668EB9}
		{DE1CB970-8D20-4C0C-8FD5-3EAF5F8492E1} = {352B20D6-491E-458E-A57B-BC07F3668EB9}
	EndGlobalSection
EndGlobal
