
Microsoft Visual Studio Solution File, Format Version 12.00
Project("{FAE04EC0-301F-11D3-BF4B-00C04F79EFBC}") = "Calculator.Lib", "Calculator.Lib\Calculator.Lib.csproj", "{2F903A11-CC44-4187-B87A-FF09A3DAEBB3}"
EndProject
Project("{FAE04EC0-301F-11D3-BF4B-00C04F79EFBC}") = "Calculator.Api", "Calculator.Api\Calculator.Api.csproj", "{58614A6A-76E7-4F89-BB54-69A270D1D966}"
EndProject
Global
	GlobalSection(SolutionConfigurationPlatforms) = preSolution
		Debug|Any CPU = Debug|Any CPU
		Release|Any CPU = Release|Any CPU
	EndGlobalSection
	GlobalSection(ProjectConfigurationPlatforms) = postSolution
		{2F903A11-CC44-4187-B87A-FF09A3DAEBB3}.Debug|Any CPU.ActiveCfg = Debug|Any CPU
		{2F903A11-CC44-4187-B87A-FF09A3DAEBB3}.Debug|Any CPU.Build.0 = Debug|Any CPU
		{2F903A11-CC44-4187-B87A-FF09A3DAEBB3}.Release|Any CPU.ActiveCfg = Release|Any CPU
		{2F903A11-CC44-4187-B87A-FF09A3DAEBB3}.Release|Any CPU.Build.0 = Release|Any CPU
		{58614A6A-76E7-4F89-BB54-69A270D1D966}.Debug|Any CPU.ActiveCfg = Debug|Any CPU
		{58614A6A-76E7-4F89-BB54-69A270D1D966}.Debug|Any CPU.Build.0 = Debug|Any CPU
		{58614A6A-76E7-4F89-BB54-69A270D1D966}.Release|Any CPU.ActiveCfg = Release|Any CPU
		{58614A6A-76E7-4F89-BB54-69A270D1D966}.Release|Any CPU.Build.0 = Release|Any CPU
	EndGlobalSection
EndGlobal
